# @generated - this file is auto-generated by `mise lock` https://mise.jdx.dev/dev-tools/mise-lock.html

lockfile_version = 3

[[tools."github:nikolaeu/numi"]]
version = "mac-3.34"
backend = "github:nikolaeu/numi"
specifiers = ["latest"]

[tools."github:nikolaeu/numi"."platforms.macos-arm64"]
checksum = "sha256:dce983fe2d0b51fcc33c5ca06c84ccae2c59e89544d856c7a7ca7c7ed3f530f9"
url = "https://github.com/nikolaeu/numi/releases/download/mac-3.34/Numi.zip"
url_api = "https://api.github.com/repos/nikolaeu/numi/releases/assets/481924217"
