# @generated - this file is auto-generated by `mise lock` https://mise.jdx.dev/dev-tools/mise-lock.html

[[tools."aqua:kubernetes/kubectl"]]
version = "1.37.0"
backend = "aqua:kubernetes/kubectl"

[tools."aqua:kubernetes/kubectl"."platforms.linux-arm64"]
checksum = "sha256:922df28df248cc00a9e025f947704f1d1482de64ece54cfe57e61f19eaf1eef3"
url = "https://dl.k8s.io/v1.37.0/bin/linux/arm64/kubectl"

[tools."aqua:kubernetes/kubectl"."platforms.linux-arm64-musl"]
checksum = "sha256:922df28df248cc00a9e025f947704f1d1482de64ece54cfe57e61f19eaf1eef3"
url = "https://dl.k8s.io/v1.37.0/bin/linux/arm64/kubectl"

[tools."aqua:kubernetes/kubectl"."platforms.linux-x64"]
checksum = "sha256:6129359f4e1f3848a5572ccb0b26cf28b8ca08cef38c95a765b2f64a2c961a2f"
url = "https://dl.k8s.io/v1.37.0/bin/linux/amd64/kubectl"

[tools."aqua:kubernetes/kubectl"."platforms.linux-x64-musl"]
checksum = "sha256:6129359f4e1f3848a5572ccb0b26cf28b8ca08cef38c95a765b2f64a2c961a2f"
url = "https://dl.k8s.io/v1.37.0/bin/linux/amd64/kubectl"

[tools."aqua:kubernetes/kubectl"."platforms.macos-arm64"]
checksum = "sha256:583beedaebe422e71d3f1a96acef8b1fef86ea2f09a45ad01aa6c9ce287c1380"
url = "https://dl.k8s.io/v1.37.0/bin/darwin/arm64/kubectl"

[tools."aqua:kubernetes/kubectl"."platforms.macos-x64"]
checksum = "sha256:d5276c0f4fde77fc446070290f345944a7f1fda153df6b960e5fde93b7a9bccd"
url = "https://dl.k8s.io/v1.37.0/bin/darwin/amd64/kubectl"

[tools."aqua:kubernetes/kubectl"."platforms.windows-x64"]
checksum = "sha256:4721b614a67bb4932a0369e61f4a323d8c6ca00943d3a2ff14837c124da06f0e"
url = "https://dl.k8s.io/v1.37.0/bin/windows/amd64/kubectl.exe"

[[tools.aws-cli]]
version = "2.36.40"
backend = "aqua:aws/aws-cli"

[tools.aws-cli."platforms.linux-arm64"]
url = "https://awscli.amazonaws.com/awscli-exe-linux-aarch64-2.36.40.zip"

[tools.aws-cli."platforms.linux-arm64-musl"]
url = "https://awscli.amazonaws.com/awscli-exe-linux-aarch64-2.36.40.zip"

[tools.aws-cli."platforms.linux-x64"]
url = "https://awscli.amazonaws.com/awscli-exe-linux-x86_64-2.36.40.zip"

[tools.aws-cli."platforms.linux-x64-musl"]
url = "https://awscli.amazonaws.com/awscli-exe-linux-x86_64-2.36.40.zip"

[tools.aws-cli."platforms.macos-arm64"]
url = "https://awscli.amazonaws.com/AWSCLIV2-2.36.40.pkg"

[tools.aws-cli."platforms.macos-x64"]
url = "https://awscli.amazonaws.com/AWSCLIV2-2.36.40.pkg"

[[tools.claude]]
version = "2.1.261"
backend = "aqua:anthropics/claude-code"

[tools.claude."platforms.linux-arm64"]
checksum = "sha256:40772aed92ae8dafc719c23b58c595e50b5c2dfd006840fa1ba5cd0a21eea107"
url = "https://github.com/anthropics/claude-code/releases/download/v2.1.261/claude-linux-arm64.tar.gz"
url_api = "https://api.github.com/repos/anthropics/claude-code/releases/assets/544686530"

[tools.claude."platforms.linux-arm64-musl"]
checksum = "sha256:05ad4dd2c9d0c03b9bcdee371bd93aa27b2cc64028de4310b0ee35318196dddf"
url = "https://github.com/anthropics/claude-code/releases/download/v2.1.261/claude-linux-arm64-musl.tar.gz"
url_api = "https://api.github.com/repos/anthropics/claude-code/releases/assets/544686525"

[tools.claude."platforms.linux-x64"]
checksum = "sha256:9c798b18618cb6c0ec6e6e7ab56eb338fd6f0f679f372a4d6ed76e1ab95c14a0"
url = "https://github.com/anthropics/claude-code/releases/download/v2.1.261/claude-linux-x64.tar.gz"
url_api = "https://api.github.com/repos/anthropics/claude-code/releases/assets/544686589"

[tools.claude."platforms.linux-x64-musl"]
checksum = "sha256:df90a93dea42e87129d16563bdf71e647b26c2142513570688a2e9c8ed106ebf"
url = "https://github.com/anthropics/claude-code/releases/download/v2.1.261/claude-linux-x64-musl.tar.gz"
url_api = "https://api.github.com/repos/anthropics/claude-code/releases/assets/544686528"

[tools.claude."platforms.macos-arm64"]
checksum = "sha256:041fe31aabf7cd5111bc916e5dc0b5b3a2e8d456a0e007b364beaf602f68c265"
url = "https://github.com/anthropics/claude-code/releases/download/v2.1.261/claude-darwin-arm64.tar.gz"
url_api = "https://api.github.com/repos/anthropics/claude-code/releases/assets/544686529"

[tools.claude."platforms.macos-x64"]
checksum = "sha256:bc036516e430232cdfe29174bdade8f7f459cffdfc50e0c8db8f9ac8b3d6cdc8"
url = "https://github.com/anthropics/claude-code/releases/download/v2.1.261/claude-darwin-x64.tar.gz"
url_api = "https://api.github.com/repos/anthropics/claude-code/releases/assets/544686526"

[tools.claude."platforms.windows-x64"]
checksum = "sha256:57bd0e5d76f8dcdf39e65b945f60cd4205169458c311f73558a65324f24131b8"
url = "https://github.com/anthropics/claude-code/releases/download/v2.1.261/claude-win32-x64.zip"
url_api = "https://api.github.com/repos/anthropics/claude-code/releases/assets/544686597"

[[tools."github:bitwarden/sdk-sm"]]
version = "python-v2.1.0"
backend = "github:bitwarden/sdk-sm"

[tools."github:bitwarden/sdk-sm"."platforms.linux-arm64"]
checksum = "sha256:cdf85d309aecf21c563c9245322d49a344135761d03cffa43b8703f509bc0df7"
url = "https://github.com/bitwarden/sdk-sm/releases/download/python-v2.1.0/bitwarden_sdk-2.1.0-cp39-abi3-manylinux_2_17_aarch64.manylinux2014_aarch64.whl"
url_api = "https://api.github.com/repos/bitwarden/sdk-sm/releases/assets/426524676"

[tools."github:bitwarden/sdk-sm"."platforms.linux-arm64-musl"]
checksum = "sha256:cdf85d309aecf21c563c9245322d49a344135761d03cffa43b8703f509bc0df7"
url = "https://github.com/bitwarden/sdk-sm/releases/download/python-v2.1.0/bitwarden_sdk-2.1.0-cp39-abi3-manylinux_2_17_aarch64.manylinux2014_aarch64.whl"
url_api = "https://api.github.com/repos/bitwarden/sdk-sm/releases/assets/426524676"

[tools."github:bitwarden/sdk-sm"."platforms.linux-x64"]
checksum = "sha256:b6f6b2624e340307891edc20a2860ec0b7c2140683eec2ce2e20d1076ffe9268"
url = "https://github.com/bitwarden/sdk-sm/releases/download/python-v2.1.0/bitwarden_sdk-2.1.0-cp39-abi3-manylinux_2_17_x86_64.manylinux2014_x86_64.whl"
url_api = "https://api.github.com/repos/bitwarden/sdk-sm/releases/assets/426524666"

[tools."github:bitwarden/sdk-sm"."platforms.linux-x64-musl"]
checksum = "sha256:b6f6b2624e340307891edc20a2860ec0b7c2140683eec2ce2e20d1076ffe9268"
url = "https://github.com/bitwarden/sdk-sm/releases/download/python-v2.1.0/bitwarden_sdk-2.1.0-cp39-abi3-manylinux_2_17_x86_64.manylinux2014_x86_64.whl"
url_api = "https://api.github.com/repos/bitwarden/sdk-sm/releases/assets/426524666"

[tools."github:bitwarden/sdk-sm"."platforms.macos-arm64"]
checksum = "sha256:8374ef97e481c17a0b65e1b8d700df492cb384ff5a4888bd2c697c37457fc332"
url = "https://github.com/bitwarden/sdk-sm/releases/download/python-v2.1.0/bitwarden_sdk-2.1.0-cp39-abi3-macosx_11_0_arm64.whl"
url_api = "https://api.github.com/repos/bitwarden/sdk-sm/releases/assets/426524688"

[tools."github:bitwarden/sdk-sm"."platforms.macos-x64"]
checksum = "sha256:659b7e3faaab067f38556ffaaa7edf217e581047234f9a748770fa2926d2664c"
url = "https://github.com/bitwarden/sdk-sm/releases/download/python-v2.1.0/bitwarden_sdk-2.1.0-cp39-abi3-macosx_10_12_x86_64.whl"
url_api = "https://api.github.com/repos/bitwarden/sdk-sm/releases/assets/426524692"

[tools."github:bitwarden/sdk-sm"."platforms.windows-x64"]
checksum = "sha256:2c5de50af003b7b2d16a9a690d3111480d1b1962eb25f39e416812d6d9d4e4d6"
url = "https://github.com/bitwarden/sdk-sm/releases/download/python-v2.1.0/bitwarden_sdk-2.1.0-cp39-abi3-win_amd64.whl"
url_api = "https://api.github.com/repos/bitwarden/sdk-sm/releases/assets/426524662"

[[tools."github:cli/cli"]]
version = "2.100.0"
backend = "github:cli/cli"

[tools."github:cli/cli"."platforms.linux-arm64"]
checksum = "sha256:ea4e7a581a32ccad6cc7923cb1576ac5859ba4b9a16ab22eb8f8a96e78e2e961"
url = "https://github.com/cli/cli/releases/download/v2.100.0/gh_2.100.0_linux_arm64.tar.gz"
url_api = "https://api.github.com/repos/cli/cli/releases/assets/542974279"
provenance = "github-attestations"

[tools."github:cli/cli"."platforms.linux-arm64-musl"]
checksum = "sha256:ea4e7a581a32ccad6cc7923cb1576ac5859ba4b9a16ab22eb8f8a96e78e2e961"
url = "https://github.com/cli/cli/releases/download/v2.100.0/gh_2.100.0_linux_arm64.tar.gz"
url_api = "https://api.github.com/repos/cli/cli/releases/assets/542974279"
provenance = "github-attestations"

[tools."github:cli/cli"."platforms.linux-x64"]
checksum = "sha256:e4d4bb4498e8d007abe545b6568926793ace1b6447da598294a610018cb164be"
url = "https://github.com/cli/cli/releases/download/v2.100.0/gh_2.100.0_linux_amd64.tar.gz"
url_api = "https://api.github.com/repos/cli/cli/releases/assets/542974264"
provenance = "github-attestations"

[tools."github:cli/cli"."platforms.linux-x64-musl"]
checksum = "sha256:e4d4bb4498e8d007abe545b6568926793ace1b6447da598294a610018cb164be"
url = "https://github.com/cli/cli/releases/download/v2.100.0/gh_2.100.0_linux_amd64.tar.gz"
url_api = "https://api.github.com/repos/cli/cli/releases/assets/542974264"
provenance = "github-attestations"

[tools."github:cli/cli"."platforms.macos-arm64"]
checksum = "sha256:45f9a62da2f6e641a7fad57e2ce39656dfd7ef331372d80a2a2aed65abb01642"
url = "https://github.com/cli/cli/releases/download/v2.100.0/gh_2.100.0_macOS_arm64.zip"
url_api = "https://api.github.com/repos/cli/cli/releases/assets/542974295"
provenance = "github-attestations"

[tools."github:cli/cli"."platforms.macos-x64"]
checksum = "sha256:fcd7799e85eb575f3c7d2b1679bfbfedaefa1269d4bc7d096b51e10939b4812b"
url = "https://github.com/cli/cli/releases/download/v2.100.0/gh_2.100.0_macOS_amd64.zip"
url_api = "https://api.github.com/repos/cli/cli/releases/assets/542974293"
provenance = "github-attestations"

[tools."github:cli/cli"."platforms.windows-x64"]
checksum = "sha256:227e35230b25db3fa1b997bab7cf4d67df0470a3b75b99e4ee66bce1a7cd4e72"
url = "https://github.com/cli/cli/releases/download/v2.100.0/gh_2.100.0_windows_amd64.zip"
url_api = "https://api.github.com/repos/cli/cli/releases/assets/542974322"
provenance = "github-attestations"

[[tools."github:jdx/fnox"]]
version = "1.35.0"
backend = "github:jdx/fnox"

[tools."github:jdx/fnox"."platforms.linux-arm64"]
checksum = "sha256:6861c6fb92e07ffab14f1ffc34ea2d0f5a99d467bdd7d13291c9a3ca4872d13d"
url = "https://github.com/jdx/fnox/releases/download/v1.35.0/fnox-aarch64-unknown-linux-gnu.tar.gz"
url_api = "https://api.github.com/repos/jdx/fnox/releases/assets/542598831"
provenance = "github-attestations"

[tools."github:jdx/fnox"."platforms.linux-arm64-musl"]
checksum = "sha256:2cd16d567c99057e5ba1edd467887f4e43d293d4591e3d254f322eff3240ea7f"
url = "https://github.com/jdx/fnox/releases/download/v1.35.0/fnox-aarch64-unknown-linux-musl.tar.gz"
url_api = "https://api.github.com/repos/jdx/fnox/releases/assets/542598827"
provenance = "github-attestations"

[tools."github:jdx/fnox"."platforms.linux-x64"]
checksum = "sha256:7b720b5852b01bc1e549fcf307ff6642d9929b25386d935da31f372ecedb88e4"
url = "https://github.com/jdx/fnox/releases/download/v1.35.0/fnox-x86_64-unknown-linux-gnu.tar.gz"
url_api = "https://api.github.com/repos/jdx/fnox/releases/assets/542598851"
provenance = "github-attestations"

[tools."github:jdx/fnox"."platforms.linux-x64-musl"]
checksum = "sha256:bc4679a263d479542f8ec3db3602c510e37e66e44116feb400c5d9a6c7295b8f"
url = "https://github.com/jdx/fnox/releases/download/v1.35.0/fnox-x86_64-unknown-linux-musl.tar.gz"
url_api = "https://api.github.com/repos/jdx/fnox/releases/assets/542598854"
provenance = "github-attestations"

[tools."github:jdx/fnox"."platforms.macos-arm64"]
checksum = "sha256:e474bde18bcc305360c4e688cad99c36165545824b61921973c4e6fef3ebd111"
url = "https://github.com/jdx/fnox/releases/download/v1.35.0/fnox-aarch64-apple-darwin.tar.gz"
url_api = "https://api.github.com/repos/jdx/fnox/releases/assets/542598829"
provenance = "github-attestations"

[tools."github:jdx/fnox"."platforms.macos-x64"]
checksum = "sha256:98cc8bbd75dbfcef4e4ac8d2bbf269d4a76084780614a17d63b46761f7fd28a3"
url = "https://github.com/jdx/fnox/releases/download/v1.35.0/fnox-x86_64-apple-darwin.tar.gz"
url_api = "https://api.github.com/repos/jdx/fnox/releases/assets/542598830"
provenance = "github-attestations"

[tools."github:jdx/fnox"."platforms.windows-x64"]
checksum = "sha256:e98a4076f49df270bf3d6f1041917c6515996e8c8df7f67e2ab6a598754b4de5"
url = "https://github.com/jdx/fnox/releases/download/v1.35.0/fnox-x86_64-pc-windows-msvc.zip"
url_api = "https://api.github.com/repos/jdx/fnox/releases/assets/542598847"
provenance = "github-attestations"

[[tools."github:nikolaeu/numi"]]
version = "mac-3.34"
backend = "github:nikolaeu/numi"

[tools."github:nikolaeu/numi"."platforms.linux-arm64"]
checksum = "sha256:dce983fe2d0b51fcc33c5ca06c84ccae2c59e89544d856c7a7ca7c7ed3f530f9"
url = "https://github.com/nikolaeu/numi/releases/download/mac-3.34/Numi.zip"
url_api = "https://api.github.com/repos/nikolaeu/numi/releases/assets/481924217"

[tools."github:nikolaeu/numi"."platforms.linux-arm64-musl"]
checksum = "sha256:dce983fe2d0b51fcc33c5ca06c84ccae2c59e89544d856c7a7ca7c7ed3f530f9"
url = "https://github.com/nikolaeu/numi/releases/download/mac-3.34/Numi.zip"
url_api = "https://api.github.com/repos/nikolaeu/numi/releases/assets/481924217"

[tools."github:nikolaeu/numi"."platforms.linux-x64"]
checksum = "sha256:dce983fe2d0b51fcc33c5ca06c84ccae2c59e89544d856c7a7ca7c7ed3f530f9"
url = "https://github.com/nikolaeu/numi/releases/download/mac-3.34/Numi.zip"
url_api = "https://api.github.com/repos/nikolaeu/numi/releases/assets/481924217"

[tools."github:nikolaeu/numi"."platforms.linux-x64-musl"]
checksum = "sha256:dce983fe2d0b51fcc33c5ca06c84ccae2c59e89544d856c7a7ca7c7ed3f530f9"
url = "https://github.com/nikolaeu/numi/releases/download/mac-3.34/Numi.zip"
url_api = "https://api.github.com/repos/nikolaeu/numi/releases/assets/481924217"

[tools."github:nikolaeu/numi"."platforms.macos-arm64"]
checksum = "sha256:dce983fe2d0b51fcc33c5ca06c84ccae2c59e89544d856c7a7ca7c7ed3f530f9"
url = "https://github.com/nikolaeu/numi/releases/download/mac-3.34/Numi.zip"
url_api = "https://api.github.com/repos/nikolaeu/numi/releases/assets/481924217"

[tools."github:nikolaeu/numi"."platforms.macos-x64"]
checksum = "sha256:dce983fe2d0b51fcc33c5ca06c84ccae2c59e89544d856c7a7ca7c7ed3f530f9"
url = "https://github.com/nikolaeu/numi/releases/download/mac-3.34/Numi.zip"
url_api = "https://api.github.com/repos/nikolaeu/numi/releases/assets/481924217"

[tools."github:nikolaeu/numi"."platforms.windows-x64"]
checksum = "sha256:dce983fe2d0b51fcc33c5ca06c84ccae2c59e89544d856c7a7ca7c7ed3f530f9"
url = "https://github.com/nikolaeu/numi/releases/download/mac-3.34/Numi.zip"
url_api = "https://api.github.com/repos/nikolaeu/numi/releases/assets/481924217"

[[tools."github:protonpass/pass-cli"]]
version = "2.3.3"
backend = "github:protonpass/pass-cli"

[tools."github:protonpass/pass-cli"."platforms.linux-arm64"]
checksum = "sha256:9c3e85e10d3bb631ffe377f063d996b9cc9a545d30971bcedf5910e16d03542b"
url = "https://github.com/protonpass/pass-cli/releases/download/2.3.3/pass-cli-linux-aarch64"
url_api = "https://api.github.com/repos/protonpass/pass-cli/releases/assets/529321906"

[tools."github:protonpass/pass-cli"."platforms.linux-arm64-musl"]
checksum = "sha256:9c3e85e10d3bb631ffe377f063d996b9cc9a545d30971bcedf5910e16d03542b"
url = "https://github.com/protonpass/pass-cli/releases/download/2.3.3/pass-cli-linux-aarch64"
url_api = "https://api.github.com/repos/protonpass/pass-cli/releases/assets/529321906"

[tools."github:protonpass/pass-cli"."platforms.linux-x64"]
checksum = "sha256:b5b49a8b3fd0af8830c0c1979f28ea0c90ccece73f59023a8bca8245d4b68da9"
url = "https://github.com/protonpass/pass-cli/releases/download/2.3.3/pass-cli-linux-x86_64"
url_api = "https://api.github.com/repos/protonpass/pass-cli/releases/assets/529321902"

[tools."github:protonpass/pass-cli"."platforms.linux-x64-musl"]
checksum = "sha256:b5b49a8b3fd0af8830c0c1979f28ea0c90ccece73f59023a8bca8245d4b68da9"
url = "https://github.com/protonpass/pass-cli/releases/download/2.3.3/pass-cli-linux-x86_64"
url_api = "https://api.github.com/repos/protonpass/pass-cli/releases/assets/529321902"

[tools."github:protonpass/pass-cli"."platforms.macos-arm64"]
checksum = "sha256:3281587ac9c50ae2f1604ba75e9d1d39b6debb221b65a6cc56f64d626ede3dbc"
url = "https://github.com/protonpass/pass-cli/releases/download/2.3.3/pass-cli-macos-aarch64"
url_api = "https://api.github.com/repos/protonpass/pass-cli/releases/assets/529321923"

[tools."github:protonpass/pass-cli"."platforms.macos-x64"]
checksum = "sha256:275f6159f63d152ecdd9d4e2969ef515291619005e0d30ab762daee26081621c"
url = "https://github.com/protonpass/pass-cli/releases/download/2.3.3/pass-cli-macos-x86_64"
url_api = "https://api.github.com/repos/protonpass/pass-cli/releases/assets/529321907"

[tools."github:protonpass/pass-cli"."platforms.windows-x64"]
checksum = "sha256:4169c7644e3475f294d265e2f1262476573e41d372b905187222c52f1c6dbca5"
url = "https://github.com/protonpass/pass-cli/releases/download/2.3.3/pass-cli-windows-x86_64.zip"
url_api = "https://api.github.com/repos/protonpass/pass-cli/releases/assets/529321936"

[[tools."github:shoenot/diskard"]]
version = "0.1.1"
backend = "github:shoenot/diskard"

[tools."github:shoenot/diskard"."platforms.linux-x64"]
checksum = "sha256:ae29de516c0ff0ba8360c2b2eaa8e05687e46cb95f2145d54afab494ac063245"
url = "https://github.com/shoenot/diskard/releases/download/v0.1.1/diskard-x86_64-unknown-linux-gnu.tar.gz"
url_api = "https://api.github.com/repos/shoenot/diskard/releases/assets/368504449"

[tools."github:shoenot/diskard"."platforms.linux-x64-musl"]
checksum = "sha256:ae29de516c0ff0ba8360c2b2eaa8e05687e46cb95f2145d54afab494ac063245"
url = "https://github.com/shoenot/diskard/releases/download/v0.1.1/diskard-x86_64-unknown-linux-gnu.tar.gz"
url_api = "https://api.github.com/repos/shoenot/diskard/releases/assets/368504449"

[tools."github:shoenot/diskard"."platforms.macos-arm64"]
checksum = "sha256:7b12dc521fd160e7fc41d1e5fddee59d88805c5dcb531f0e71eb6ef4ebeaa461"
url = "https://github.com/shoenot/diskard/releases/download/v0.1.1/diskard-aarch64-apple-darwin.tar.gz"
url_api = "https://api.github.com/repos/shoenot/diskard/releases/assets/368504499"

[tools."github:shoenot/diskard"."platforms.macos-x64"]
checksum = "sha256:5b85b53934147987bc6f94f327dbd4be0fd56f002a3e77be1e5a3da3c23fb908"
url = "https://github.com/shoenot/diskard/releases/download/v0.1.1/diskard-x86_64-apple-darwin.tar.gz"
url_api = "https://api.github.com/repos/shoenot/diskard/releases/assets/368504576"

[[tools.k9s]]
version = "0.51.0"
backend = "aqua:derailed/k9s"

[tools.k9s."platforms.linux-arm64"]
checksum = "sha256:3ee05c82e5f9198928a4e86133608ba6a2c10a2244d6a7789e820f78319d640c"
url = "https://github.com/derailed/k9s/releases/download/v0.51.0/k9s_Linux_arm64.tar.gz"
url_api = "https://api.github.com/repos/derailed/k9s/releases/assets/440226045"

[tools.k9s."platforms.linux-arm64-musl"]
checksum = "sha256:3ee05c82e5f9198928a4e86133608ba6a2c10a2244d6a7789e820f78319d640c"
url = "https://github.com/derailed/k9s/releases/download/v0.51.0/k9s_Linux_arm64.tar.gz"
url_api = "https://api.github.com/repos/derailed/k9s/releases/assets/440226045"

[tools.k9s."platforms.linux-x64"]
checksum = "sha256:c3752ad51a5a4015a113819c4eeb6e55a4d0e4b8e652494797532f6fc8161dd7"
url = "https://github.com/derailed/k9s/releases/download/v0.51.0/k9s_Linux_amd64.tar.gz"
url_api = "https://api.github.com/repos/derailed/k9s/releases/assets/440224321"

[tools.k9s."platforms.linux-x64-musl"]
checksum = "sha256:c3752ad51a5a4015a113819c4eeb6e55a4d0e4b8e652494797532f6fc8161dd7"
url = "https://github.com/derailed/k9s/releases/download/v0.51.0/k9s_Linux_amd64.tar.gz"
url_api = "https://api.github.com/repos/derailed/k9s/releases/assets/440224321"

[tools.k9s."platforms.macos-arm64"]
checksum = "sha256:9b8c0e8f461e5d33aeee43a67f5ef4aff646a008a786887b8266cbb153c610cc"
url = "https://github.com/derailed/k9s/releases/download/v0.51.0/k9s_Darwin_arm64.tar.gz"
url_api = "https://api.github.com/repos/derailed/k9s/releases/assets/440224326"

[tools.k9s."platforms.macos-x64"]
checksum = "sha256:7e8802c57c45a0cd389e8fc38472243fe4cf48d8ad5957e189ce370e19e5eda0"
url = "https://github.com/derailed/k9s/releases/download/v0.51.0/k9s_Darwin_amd64.tar.gz"
url_api = "https://api.github.com/repos/derailed/k9s/releases/assets/440224322"

[tools.k9s."platforms.windows-x64"]
checksum = "sha256:bba299f1877913979831543a008f2e104995d2ea4ac8f23d7f49c0444857d973"
url = "https://github.com/derailed/k9s/releases/download/v0.51.0/k9s_Windows_amd64.zip"
url_api = "https://api.github.com/repos/derailed/k9s/releases/assets/440224317"

[[tools.node]]
version = "24.20.0"
backend = "core:node"

[tools.node."platforms.linux-arm64"]
checksum = "sha256:3515603e2487879a39bc75716f1a2affd027500c64ba50e845cf72cb33219013"
url = "https://nodejs.org/dist/v24.20.0/node-v24.20.0-linux-arm64.tar.gz"

[tools.node."platforms.linux-arm64-musl"]
checksum = "sha256:2c8c507ccb0f20812d9526ba8ca454b1652aadef68fc8bad06f07fb1122dd1ef"
url = "https://unofficial-builds.nodejs.org/download/release/v24.20.0/node-v24.20.0-linux-arm64-musl.tar.gz"

[tools.node."platforms.linux-x64"]
checksum = "sha256:855d581f8a4eb1a8117e3426de25fe02770592febcfb31369aee1ffbfee9e8ec"
url = "https://nodejs.org/dist/v24.20.0/node-v24.20.0-linux-x64.tar.gz"

[tools.node."platforms.linux-x64-musl"]
checksum = "sha256:9ae1399fef4bd8990e15773ce1327b336a20b9e97d8c7549f4f42ca73c43f562"
url = "https://unofficial-builds.nodejs.org/download/release/v24.20.0/node-v24.20.0-linux-x64-musl.tar.gz"

[tools.node."platforms.macos-arm64"]
checksum = "sha256:40e5607e5ecb3db9192723776da2d75d966260fc74a7a9e731c1bd67dda96bc8"
url = "https://nodejs.org/dist/v24.20.0/node-v24.20.0-darwin-arm64.tar.gz"

[tools.node."platforms.macos-x64"]
checksum = "sha256:9e5b2644cf107befb6aefca676b96d3296bc10138096f022ed378d6233ed81f4"
url = "https://nodejs.org/dist/v24.20.0/node-v24.20.0-darwin-x64.tar.gz"

[tools.node."platforms.windows-x64"]
checksum = "sha256:6cac9ffbca8f6a47091e4b5c772e0606049c3871cb67d900c0cedde630e545ba"
url = "https://nodejs.org/dist/v24.20.0/node-v24.20.0-win-x64.zip"

[[tools.python]]
version = "3.14.7"
backend = "core:python"

[tools.python."platforms.linux-arm64"]
checksum = "sha256:8a0798baa8a2c27b5751d590aced543eaa85e20b3f73d93c1af049688acdc9c5"
url = "https://github.com/astral-sh/python-build-standalone/releases/download/20260901/cpython-3.14.7+20260901-aarch64-unknown-linux-gnu-install_only_stripped.tar.gz"
provenance = "github-attestations"

[tools.python."platforms.linux-arm64-musl"]
checksum = "sha256:701c31d72187242302922a29f3bc6023ceb68b6b68fb8d4ed7568d1e6ef34548"
url = "https://github.com/astral-sh/python-build-standalone/releases/download/20260901/cpython-3.14.7+20260901-aarch64-unknown-linux-musl-install_only_stripped.tar.gz"
provenance = "github-attestations"

[tools.python."platforms.linux-x64"]
checksum = "sha256:3959f92825141e04adf44982d3a83ee57af0877e893b0796e04c1468749d9b04"
url = "https://github.com/astral-sh/python-build-standalone/releases/download/20260901/cpython-3.14.7+20260901-x86_64-unknown-linux-gnu-install_only_stripped.tar.gz"
provenance = "github-attestations"

[tools.python."platforms.linux-x64-musl"]
checksum = "sha256:c773f8a7357c0d1a29e208a14bc16386731ca9c0d2e51f1b6741967fb0632cdc"
url = "https://github.com/astral-sh/python-build-standalone/releases/download/20260901/cpython-3.14.7+20260901-x86_64-unknown-linux-musl-install_only_stripped.tar.gz"
provenance = "github-attestations"

[tools.python."platforms.macos-arm64"]
checksum = "sha256:4632cb1a6edad9e73d3c81b6d2e69131637d995173e3e85005df14102b0592ba"
url = "https://github.com/astral-sh/python-build-standalone/releases/download/20260901/cpython-3.14.7+20260901-aarch64-apple-darwin-install_only_stripped.tar.gz"
provenance = "github-attestations"

[tools.python."platforms.macos-x64"]
checksum = "sha256:7e151a7c9028855b61a7d6e78381f2020a1ef185281399f3b1aafc5e1c9a1a64"
url = "https://github.com/astral-sh/python-build-standalone/releases/download/20260901/cpython-3.14.7+20260901-x86_64-apple-darwin-install_only_stripped.tar.gz"
provenance = "github-attestations"

[tools.python."platforms.windows-x64"]
checksum = "sha256:ca3c33ca924dfcab3b74205a7a58a88b0255135c53f95497b26b5e60700fd66d"
url = "https://github.com/astral-sh/python-build-standalone/releases/download/20260901/cpython-3.14.7+20260901-x86_64-pc-windows-msvc-install_only_stripped.tar.gz"
provenance = "github-attestations"

[[tools.usage]]
version = "6.6.1"
backend = "aqua:jdx/usage"
