# @generated - this file is auto-generated by `mise lock` https://mise.jdx.dev/dev-tools/mise-lock.html

lockfile_version = 2

[[tools."github:zen-browser/desktop"]]
version = "1.21.16b"
backend = "github:zen-browser/desktop"
specifiers = ["latest"]

[tools."github:zen-browser/desktop"."platforms.linux-arm64"]
checksum = "sha256:7aa0c251c1dad6cbea374b3d5892d4c1948465479232c318aef89aa1cf183654"
url = "https://github.com/zen-browser/desktop/releases/download/1.21.16b/zen.linux-aarch64.tar.xz"
url_api = "https://api.github.com/repos/zen-browser/desktop/releases/assets/535758256"

[tools."github:zen-browser/desktop"."platforms.linux-arm64-musl"]
checksum = "sha256:7aa0c251c1dad6cbea374b3d5892d4c1948465479232c318aef89aa1cf183654"
url = "https://github.com/zen-browser/desktop/releases/download/1.21.16b/zen.linux-aarch64.tar.xz"
url_api = "https://api.github.com/repos/zen-browser/desktop/releases/assets/535758256"

[tools."github:zen-browser/desktop"."platforms.linux-x64"]
checksum = "sha256:1e4c3c391d10a82239d35afad84658fa3b3856b8ff72f93bbff7f57392acb942"
url = "https://github.com/zen-browser/desktop/releases/download/1.21.16b/zen.linux-x86_64.tar.xz"
url_api = "https://api.github.com/repos/zen-browser/desktop/releases/assets/535758260"

[tools."github:zen-browser/desktop"."platforms.linux-x64-musl"]
checksum = "sha256:1e4c3c391d10a82239d35afad84658fa3b3856b8ff72f93bbff7f57392acb942"
url = "https://github.com/zen-browser/desktop/releases/download/1.21.16b/zen.linux-x86_64.tar.xz"
url_api = "https://api.github.com/repos/zen-browser/desktop/releases/assets/535758260"

[tools."github:zen-browser/desktop"."platforms.macos-arm64"]
checksum = "sha256:d964eff02391be028345f86d099d438c8271edd68a53bcf5004173c719192e3d"
url = "https://github.com/zen-browser/desktop/releases/download/1.21.16b/macos.mar"
url_api = "https://api.github.com/repos/zen-browser/desktop/releases/assets/535758258"

[tools."github:zen-browser/desktop"."platforms.macos-x64"]
checksum = "sha256:d964eff02391be028345f86d099d438c8271edd68a53bcf5004173c719192e3d"
url = "https://github.com/zen-browser/desktop/releases/download/1.21.16b/macos.mar"
url_api = "https://api.github.com/repos/zen-browser/desktop/releases/assets/535758258"

[tools."github:zen-browser/desktop"."platforms.windows-x64"]
checksum = "sha256:247bf33a56743170dfecd82acd95ca3c61136d37312c210d00a5f11c99426d49"
url = "https://github.com/zen-browser/desktop/releases/download/1.21.16b/windows.mar"
url_api = "https://api.github.com/repos/zen-browser/desktop/releases/assets/535758265"

[[tools."http:obsidian"]]
version = "1.13.7"
backend = "http:obsidian"
specifiers = ["1.13.7"]

[tools."http:obsidian".options]
strip_components = "1"

[tools."http:obsidian"."platforms.linux-arm64"]
checksum = "sha256:98aac34d1f132a35cf506fc3fa196d595dcdeefdebd44b0cc5faaa7a1a210de2"
url = "https://github.com/obsidianmd/obsidian-releases/releases/download/v1.13.7/obsidian-1.13.7-arm64.tar.gz"

[tools."http:obsidian"."platforms.linux-arm64-musl"]
checksum = "sha256:98aac34d1f132a35cf506fc3fa196d595dcdeefdebd44b0cc5faaa7a1a210de2"
url = "https://github.com/obsidianmd/obsidian-releases/releases/download/v1.13.7/obsidian-1.13.7-arm64.tar.gz"

[tools."http:obsidian"."platforms.linux-x64"]
checksum = "sha256:d3cbe375cbfa4024db1910b98191649f4134c5c48aee5e60b6e7713987dcdb28"
url = "https://github.com/obsidianmd/obsidian-releases/releases/download/v1.13.7/obsidian-1.13.7.tar.gz"

[tools."http:obsidian"."platforms.linux-x64-musl"]
checksum = "sha256:d3cbe375cbfa4024db1910b98191649f4134c5c48aee5e60b6e7713987dcdb28"
url = "https://github.com/obsidianmd/obsidian-releases/releases/download/v1.13.7/obsidian-1.13.7.tar.gz"

[[tools."http:vscode"]]
version = "1.136.1"
backend = "http:vscode"
specifiers = ["1.136.1"]

[tools."http:vscode".options]
strip_components = "1"

[tools."http:vscode"."platforms.linux-arm64"]
checksum = "sha256:2aac154ec452817e88c7b452b110f2cdbaad00af7bcf05ef7343891364e10c44"
url = "https://update.code.visualstudio.com/1.136.1/linux-arm64/stable"

[tools."http:vscode"."platforms.linux-arm64-musl"]
checksum = "sha256:2aac154ec452817e88c7b452b110f2cdbaad00af7bcf05ef7343891364e10c44"
url = "https://update.code.visualstudio.com/1.136.1/linux-arm64/stable"

[tools."http:vscode"."platforms.linux-x64"]
checksum = "sha256:9b4a54f0d49beaa413eda137d00c6541a639300d479efcac566ad13419409218"
url = "https://update.code.visualstudio.com/1.136.1/linux-x64/stable"

[tools."http:vscode"."platforms.linux-x64-musl"]
checksum = "sha256:9b4a54f0d49beaa413eda137d00c6541a639300d479efcac566ad13419409218"
url = "https://update.code.visualstudio.com/1.136.1/linux-x64/stable"

[[tools.starship]]
version = "1.26.0"
backend = "aqua:starship/starship"
specifiers = ["latest"]

[tools.starship."platforms.linux-arm64"]
checksum = "sha256:dc30189378d2f2e287384e8a692d3f95ad1df64cf0e8c36aa9201516028aed6b"
url = "https://github.com/starship/starship/releases/download/v1.26.0/starship-aarch64-unknown-linux-musl.tar.gz"
url_api = "https://api.github.com/repos/starship/starship/releases/assets/460374586"

[tools.starship."platforms.linux-arm64-musl"]
checksum = "sha256:dc30189378d2f2e287384e8a692d3f95ad1df64cf0e8c36aa9201516028aed6b"
url = "https://github.com/starship/starship/releases/download/v1.26.0/starship-aarch64-unknown-linux-musl.tar.gz"
url_api = "https://api.github.com/repos/starship/starship/releases/assets/460374586"

[tools.starship."platforms.linux-x64"]
checksum = "sha256:321f0dd7af8340a5f2e6a8fec6538a04f617486f9ec70d878f91c09cd8deef22"
url = "https://github.com/starship/starship/releases/download/v1.26.0/starship-x86_64-unknown-linux-gnu.tar.gz"
url_api = "https://api.github.com/repos/starship/starship/releases/assets/460374620"

[tools.starship."platforms.linux-x64-musl"]
checksum = "sha256:b7c232b0e8249d8e55a40beb79c5c43a7d370f3f9408bd215deb0170daeaadf3"
url = "https://github.com/starship/starship/releases/download/v1.26.0/starship-x86_64-unknown-linux-musl.tar.gz"
url_api = "https://api.github.com/repos/starship/starship/releases/assets/460374630"

[tools.starship."platforms.macos-arm64"]
checksum = "sha256:c40b27b11f580411e068f2fa6c1be7830a387c0bc47a94d1d37f32b054c5361d"
url = "https://github.com/starship/starship/releases/download/v1.26.0/starship-aarch64-apple-darwin.tar.gz"
url_api = "https://api.github.com/repos/starship/starship/releases/assets/460374577"

[tools.starship."platforms.macos-x64"]
checksum = "sha256:5548f406a4b6f5695903bdea83f77ce47ec12c8c0e62dabd33122d8f133e4207"
url = "https://github.com/starship/starship/releases/download/v1.26.0/starship-x86_64-apple-darwin.tar.gz"
url_api = "https://api.github.com/repos/starship/starship/releases/assets/460374608"

[tools.starship."platforms.windows-x64"]
checksum = "sha256:690021e22f2bf2c57d5867dc0fababe5e55e714c26942bd909ffddb6c5df42f2"
url = "https://github.com/starship/starship/releases/download/v1.26.0/starship-x86_64-pc-windows-msvc.zip"
url_api = "https://api.github.com/repos/starship/starship/releases/assets/460374615"
